// !$*UTF8*$!
{
	archiveVersion = 1;
	classes = {
	};
	objectVersion = 46;
	objects = {

/* Begin PBXBuildFile section */
		6A676EF71AE82E9F004A05D3 /* main.m in Sources */ = {isa = PBXBuildFile; fileRef = 6A676EF61AE82E9F004A05D3 /* main.m */; };
		6A676EFA1AE82E9F004A05D3 /* AppDelegate.m in Sources */ = {isa = PBXBuildFile; fileRef = 6A676EF91AE82E9F004A05D3 /* AppDelegate.m */; };
		6A676F001AE82E9F004A05D3 /* Main.storyboard in Resources */ = {isa = PBXBuildFile; fileRef = 6A676EFE1AE82E9F004A05D3 /* Main.storyboard */; };
		6A676F021AE82E9F004A05D3 /* Images.xcassets in Resources */ = {isa = PBXBuildFile; fileRef = 6A676F011AE82E9F004A05D3 /* Images.xcassets */; };
		6A676F051AE82E9F004A05D3 /* LaunchScreen.xib in Resources */ = {isa = PBXBuildFile; fileRef = 6A676F031AE82E9F004A05D3 /* LaunchScreen.xib */; };
		6A676F111AE82E9F004A05D3 /* Lab6_Los_Angeles_AttractionsTests.m in Sources */ = {isa = PBXBuildFile; fileRef = 6A676F101AE82E9F004A05D3 /* Lab6_Los_Angeles_AttractionsTests.m */; };
		6A676F1B1AEAF8D6004A05D3 /* attractions.plist in Resources */ = {isa = PBXBuildFile; fileRef = 6A676F1A1AEAF8D5004A05D3 /* attractions.plist */; };
		6A676F531AEAFD26004A05D3 /* california_science_center(1).jpg in Resources */ = {isa = PBXBuildFile; fileRef = 6A676F411AEAFD26004A05D3 /* california_science_center(1).jpg */; };
		6A676F541AEAFD26004A05D3 /* disneyland(1).jpg in Resources */ = {isa = PBXBuildFile; fileRef = 6A676F421AEAFD26004A05D3 /* disneyland(1).jpg */; };
		6A676F551AEAFD26004A05D3 /* dodger_stadium.jpg in Resources */ = {isa = PBXBuildFile; fileRef = 6A676F431AEAFD26004A05D3 /* dodger_stadium.jpg */; };
		6A676F561AEAFD26004A05D3 /* getty_villa.jpg in Resources */ = {isa = PBXBuildFile; fileRef = 6A676F441AEAFD26004A05D3 /* getty_villa.jpg */; };
		6A676F571AEAFD26004A05D3 /* getty(1).jpg in Resources */ = {isa = PBXBuildFile; fileRef = 6A676F451AEAFD26004A05D3 /* getty(1).jpg */; };
		6A676F581AEAFD26004A05D3 /* graumans_chinese_theatre.jpg in Resources */ = {isa = PBXBuildFile; fileRef = 6A676F461AEAFD26004A05D3 /* graumans_chinese_theatre.jpg */; };
		6A676F591AEAFD26004A05D3 /* griffith_observatory(1).jpg in Resources */ = {isa = PBXBuildFile; fileRef = 6A676F471AEAFD26004A05D3 /* griffith_observatory(1).jpg */; };
		6A676F5A1AEAFD26004A05D3 /* hollywood_sign.jpg in Resources */ = {isa = PBXBuildFile; fileRef = 6A676F481AEAFD26004A05D3 /* hollywood_sign.jpg */; };
		6A676F5B1AEAFD26004A05D3 /* Icon(1).png in Resources */ = {isa = PBXBuildFile; fileRef = 6A676F491AEAFD26004A05D3 /* Icon(1).png */; };
		6A676F5C1AEAFD26004A05D3 /* Icon@2x(4).png in Resources */ = {isa = PBXBuildFile; fileRef = 6A676F4A1AEAFD26004A05D3 /* Icon@2x(4).png */; };
		6A676F5D1AEAFD26004A05D3 /* ITP342_Lab6.pdf in Resources */ = {isa = PBXBuildFile; fileRef = 6A676F4B1AEAFD26004A05D3 /* ITP342_Lab6.pdf */; };
		6A676F5E1AEAFD26004A05D3 /* la_live.jpg in Resources */ = {isa = PBXBuildFile; fileRef = 6A676F4C1AEAFD26004A05D3 /* la_live.jpg */; };
		6A676F5F1AEAFD26004A05D3 /* lacma(1).jpg in Resources */ = {isa = PBXBuildFile; fileRef = 6A676F4D1AEAFD26004A05D3 /* lacma(1).jpg */; };
		6A676F601AEAFD26004A05D3 /* santa_monica_pier(1).jpg in Resources */ = {isa = PBXBuildFile; fileRef = 6A676F4E1AEAFD26004A05D3 /* santa_monica_pier(1).jpg */; };
		6A676F611AEAFD26004A05D3 /* six_flags_magic_mountain.jpg in Resources */ = {isa = PBXBuildFile; fileRef = 6A676F4F1AEAFD26004A05D3 /* six_flags_magic_mountain.jpg */; };
		6A676F621AEAFD26004A05D3 /* ucla.jpg in Resources */ = {isa = PBXBuildFile; fileRef = 6A676F501AEAFD26004A05D3 /* ucla.jpg */; };
		6A676F631AEAFD26004A05D3 /* universal_studios.jpg in Resources */ = {isa = PBXBuildFile; fileRef = 6A676F511AEAFD26004A05D3 /* universal_studios.jpg */; };
		6A676F641AEAFD26004A05D3 /* usc.jpg in Resources */ = {isa = PBXBuildFile; fileRef = 6A676F521AEAFD26004A05D3 /* usc.jpg */; };
		6A676F6A1AEB042A004A05D3 /* PCollectionViewController.m in Sources */ = {isa = PBXBuildFile; fileRef = 6A676F691AEB042A004A05D3 /* PCollectionViewController.m */; };
		6A676F6D1AEB04DB004A05D3 /* AttractionsModel.m in Sources */ = {isa = PBXBuildFile; fileRef = 6A676F6C1AEB04DB004A05D3 /* AttractionsModel.m */; };
		6AA9237D1AEB17E500F0A637 /* PCollectionViewCell.m in Sources */ = {isa = PBXBuildFile; fileRef = 6AA9237C1AEB17E500F0A637 /* PCollectionViewCell.m */; };
		6AE0C3EB1AEB4FB80015AEBD /* DetailViewController.m in Sources */ = {isa = PBXBuildFile; fileRef = 6AE0C3EA1AEB4FB80015AEBD /* DetailViewController.m */; };
/* End PBXBuildFile section */

/* Begin PBXContainerItemProxy section */
		6A676F0B1AE82E9F004A05D3 /* PBXContainerItemProxy */ = {
			isa = PBXContainerItemProxy;
			containerPortal = 6A676EE91AE82E9F004A05D3 /* Project object */;
			proxyType = 1;
			remoteGlobalIDString = 6A676EF01AE82E9F004A05D3;
			remoteInfo = "Lab6_Los Angeles Attractions";
		};
/* End PBXContainerItemProxy section */

/* Begin PBXFileReference section */
		6A676EF11AE82E9F004A05D3 /* Lab6_Los Angeles Attractions.app */ = {isa = PBXFileReference; explicitFileType = wrapper.application; includeInIndex = 0; path = "Lab6_Los Angeles Attractions.app"; sourceTree = BUILT_PRODUCTS_DIR; };
		6A676EF51AE82E9F004A05D3 /* Info.plist */ = {isa = PBXFileReference; lastKnownFileType = text.plist.xml; path = Info.plist; sourceTree = "<group>"; };
		6A676EF61AE82E9F004A05D3 /* main.m */ = {isa = PBXFileReference; lastKnownFileType = sourcecode.c.objc; path = main.m; sourceTree = "<group>"; };
		6A676EF81AE82E9F004A05D3 /* AppDelegate.h */ = {isa = PBXFileReference; lastKnownFileType = sourcecode.c.h; path = AppDelegate.h; sourceTree = "<group>"; };
		6A676EF91AE82E9F004A05D3 /* AppDelegate.m */ = {isa = PBXFileReference; lastKnownFileType = sourcecode.c.objc; path = AppDelegate.m; sourceTree = "<group>"; };
		6A676EFF1AE82E9F004A05D3 /* Base */ = {isa = PBXFileReference; lastKnownFileType = file.storyboard; name = Base; path = Base.lproj/Main.storyboard; sourceTree = "<group>"; };
		6A676F011AE82E9F004A05D3 /* Images.xcassets */ = {isa = PBXFileReference; lastKnownFileType = folder.assetcatalog; path = Images.xcassets; sourceTree = "<group>"; };
		6A676F041AE82E9F004A05D3 /* Base */ = {isa = PBXFileReference; lastKnownFileType = file.xib; name = Base; path = Base.lproj/LaunchScreen.xib; sourceTree = "<group>"; };
		6A676F0A1AE82E9F004A05D3 /* Lab6_Los Angeles AttractionsTests.xctest */ = {isa = PBXFileReference; explicitFileType = wrapper.cfbundle; includeInIndex = 0; path = "Lab6_Los Angeles AttractionsTests.xctest"; sourceTree = BUILT_PRODUCTS_DIR; };
		6A676F0F1AE82E9F004A05D3 /* Info.plist */ = {isa = PBXFileReference; lastKnownFileType = text.plist.xml; path = Info.plist; sourceTree = "<group>"; };
		6A676F101AE82E9F004A05D3 /* Lab6_Los_Angeles_AttractionsTests.m */ = {isa = PBXFileReference; lastKnownFileType = sourcecode.c.objc; path = Lab6_Los_Angeles_AttractionsTests.m; sourceTree = "<group>"; };
		6A676F1A1AEAF8D5004A05D3 /* attractions.plist */ = {isa = PBXFileReference; fileEncoding = 4; lastKnownFileType = text.plist.xml; path = attractions.plist; sourceTree = "<group>"; };
		6A676F411AEAFD26004A05D3 /* california_science_center(1).jpg */ = {isa = PBXFileReference; lastKnownFileType = image.jpeg; path = "california_science_center(1).jpg"; sourceTree = "<group>"; };
		6A676F421AEAFD26004A05D3 /* disneyland(1).jpg */ = {isa = PBXFileReference; lastKnownFileType = image.jpeg; path = "disneyland(1).jpg"; sourceTree = "<group>"; };
		6A676F431AEAFD26004A05D3 /* dodger_stadium.jpg */ = {isa = PBXFileReference; lastKnownFileType = image.jpeg; path = dodger_stadium.jpg; sourceTree = "<group>"; };
		6A676F441AEAFD26004A05D3 /* getty_villa.jpg */ = {isa = PBXFileReference; lastKnownFileType = image.jpeg; path = getty_villa.jpg; sourceTree = "<group>"; };
		6A676F451AEAFD26004A05D3 /* getty(1).jpg */ = {isa = PBXFileReference; lastKnownFileType = image.jpeg; path = "getty(1).jpg"; sourceTree = "<group>"; };
		6A676F461AEAFD26004A05D3 /* graumans_chinese_theatre.jpg */ = {isa = PBXFileReference; lastKnownFileType = image.jpeg; path = graumans_chinese_theatre.jpg; sourceTree = "<group>"; };
		6A676F471AEAFD26004A05D3 /* griffith_observatory(1).jpg */ = {isa = PBXFileReference; lastKnownFileType = image.jpeg; path = "griffith_observatory(1).jpg"; sourceTree = "<group>"; };
		6A676F481AEAFD26004A05D3 /* hollywood_sign.jpg */ = {isa = PBXFileReference; lastKnownFileType = image.jpeg; path = hollywood_sign.jpg; sourceTree = "<group>"; };
		6A676F491AEAFD26004A05D3 /* Icon(1).png */ = {isa = PBXFileReference; lastKnownFileType = image.png; path = "Icon(1).png"; sourceTree = "<group>"; };
		6A676F4A1AEAFD26004A05D3 /* Icon@2x(4).png */ = {isa = PBXFileReference; lastKnownFileType = image.png; path = "Icon@2x(4).png"; sourceTree = "<group>"; };
		6A676F4B1AEAFD26004A05D3 /* ITP342_Lab6.pdf */ = {isa = PBXFileReference; lastKnownFileType = image.pdf; path = ITP342_Lab6.pdf; sourceTree = "<group>"; };
		6A676F4C1AEAFD26004A05D3 /* la_live.jpg */ = {isa = PBXFileReference; lastKnownFileType = image.jpeg; path = la_live.jpg; sourceTree = "<group>"; };
		6A676F4D1AEAFD26004A05D3 /* lacma(1).jpg */ = {isa = PBXFileReference; lastKnownFileType = image.jpeg; path = "lacma(1).jpg"; sourceTree = "<group>"; };
		6A676F4E1AEAFD26004A05D3 /* santa_monica_pier(1).jpg */ = {isa = PBXFileReference; lastKnownFileType = image.jpeg; path = "santa_monica_pier(1).jpg"; sourceTree = "<group>"; };
		6A676F4F1AEAFD26004A05D3 /* six_flags_magic_mountain.jpg */ = {isa = PBXFileReference; lastKnownFileType = image.jpeg; path = six_flags_magic_mountain.jpg; sourceTree = "<group>"; };
		6A676F501AEAFD26004A05D3 /* ucla.jpg */ = {isa = PBXFileReference; lastKnownFileType = image.jpeg; path = ucla.jpg; sourceTree = "<group>"; };
		6A676F511AEAFD26004A05D3 /* universal_studios.jpg */ = {isa = PBXFileReference; lastKnownFileType = image.jpeg; path = universal_studios.jpg; sourceTree = "<group>"; };
		6A676F521AEAFD26004A05D3 /* usc.jpg */ = {isa = PBXFileReference; lastKnownFileType = image.jpeg; path = usc.jpg; sourceTree = "<group>"; };
		6A676F681AEB042A004A05D3 /* PCollectionViewController.h */ = {isa = PBXFileReference; fileEncoding = 4; lastKnownFileType = sourcecode.c.h; name = PCollectionViewController.h; path = ../PCollectionViewController.h; sourceTree = "<group>"; };
		6A676F691AEB042A004A05D3 /* PCollectionViewController.m */ = {isa = PBXFileReference; fileEncoding = 4; lastKnownFileType = sourcecode.c.objc; name = PCollectionViewController.m; path = ../PCollectionViewController.m; sourceTree = "<group>"; };
		6A676F6B1AEB04DB004A05D3 /* AttractionsModel.h */ = {isa = PBXFileReference; fileEncoding = 4; lastKnownFileType = sourcecode.c.h; path = AttractionsModel.h; sourceTree = "<group>"; };
		6A676F6C1AEB04DB004A05D3 /* AttractionsModel.m */ = {isa = PBXFileReference; fileEncoding = 4; lastKnownFileType = sourcecode.c.objc; path = AttractionsModel.m; sourceTree = "<group>"; };
		6AA9237B1AEB17E500F0A637 /* PCollectionViewCell.h */ = {isa = PBXFileReference; fileEncoding = 4; lastKnownFileType = sourcecode.c.h; path = PCollectionViewCell.h; sourceTree = "<group>"; };
		6AA9237C1AEB17E500F0A637 /* PCollectionViewCell.m */ = {isa = PBXFileReference; fileEncoding = 4; lastKnownFileType = sourcecode.c.objc; path = PCollectionViewCell.m; sourceTree = "<group>"; };
		6AE0C3E91AEB4FB80015AEBD /* DetailViewController.h */ = {isa = PBXFileReference; fileEncoding = 4; lastKnownFileType = sourcecode.c.h; path = DetailViewController.h; sourceTree = "<group>"; };
		6AE0C3EA1AEB4FB80015AEBD /* DetailViewController.m */ = {isa = PBXFileReference; fileEncoding = 4; lastKnownFileType = sourcecode.c.objc; path = DetailViewController.m; sourceTree = "<group>"; };
/* End PBXFileReference section */

/* Begin PBXFrameworksBuildPhase section */
		6A676EEE1AE82E9F004A05D3 /* Frameworks */ = {
			isa = PBXFrameworksBuildPhase;
			buildActionMask = 2147483647;
			files = (
			);
			runOnlyForDeploymentPostprocessing = 0;
		};
		6A676F071AE82E9F004A05D3 /* Frameworks */ = {
			isa = PBXFrameworksBuildPhase;
			buildActionMask = 2147483647;
			files = (
			);
			runOnlyForDeploymentPostprocessing = 0;
		};
/* End PBXFrameworksBuildPhase section */

/* Begin PBXGroup section */
		6A676EE81AE82E9F004A05D3 = {
			isa = PBXGroup;
			children = (
				6A676F411AEAFD26004A05D3 /* california_science_center(1).jpg */,
				6A676F421AEAFD26004A05D3 /* disneyland(1).jpg */,
				6A676F431AEAFD26004A05D3 /* dodger_stadium.jpg */,
				6A676F441AEAFD26004A05D3 /* getty_villa.jpg */,
				6A676F451AEAFD26004A05D3 /* getty(1).jpg */,
				6A676F461AEAFD26004A05D3 /* graumans_chinese_theatre.jpg */,
				6A676F471AEAFD26004A05D3 /* griffith_observatory(1).jpg */,
				6A676F481AEAFD26004A05D3 /* hollywood_sign.jpg */,
				6A676F491AEAFD26004A05D3 /* Icon(1).png */,
				6A676F4A1AEAFD26004A05D3 /* Icon@2x(4).png */,
				6A676F4B1AEAFD26004A05D3 /* ITP342_Lab6.pdf */,
				6A676F4C1AEAFD26004A05D3 /* la_live.jpg */,
				6A676F4D1AEAFD26004A05D3 /* lacma(1).jpg */,
				6A676F4E1AEAFD26004A05D3 /* santa_monica_pier(1).jpg */,
				6A676F4F1AEAFD26004A05D3 /* six_flags_magic_mountain.jpg */,
				6A676F501AEAFD26004A05D3 /* ucla.jpg */,
				6A676F511AEAFD26004A05D3 /* universal_studios.jpg */,
				6A676F521AEAFD26004A05D3 /* usc.jpg */,
				6A676EF31AE82E9F004A05D3 /* Lab6_Los Angeles Attractions */,
				6A676F0D1AE82E9F004A05D3 /* Lab6_Los Angeles AttractionsTests */,
				6A676EF21AE82E9F004A05D3 /* Products */,
			);
			sourceTree = "<group>";
		};
		6A676EF21AE82E9F004A05D3 /* Products */ = {
			isa = PBXGroup;
			children = (
				6A676EF11AE82E9F004A05D3 /* Lab6_Los Angeles Attractions.app */,
				6A676F0A1AE82E9F004A05D3 /* Lab6_Los Angeles AttractionsTests.xctest */,
			);
			name = Products;
			sourceTree = "<group>";
		};
		6A676EF31AE82E9F004A05D3 /* Lab6_Los Angeles Attractions */ = {
			isa = PBXGroup;
			children = (
				6AE0C3E91AEB4FB80015AEBD /* DetailViewController.h */,
				6AE0C3EA1AEB4FB80015AEBD /* DetailViewController.m */,
				6A676F681AEB042A004A05D3 /* PCollectionViewController.h */,
				6A676F691AEB042A004A05D3 /* PCollectionViewController.m */,
				6A676EF81AE82E9F004A05D3 /* AppDelegate.h */,
				6A676EF91AE82E9F004A05D3 /* AppDelegate.m */,
				6A676EFE1AE82E9F004A05D3 /* Main.storyboard */,
				6A676F6B1AEB04DB004A05D3 /* AttractionsModel.h */,
				6A676F6C1AEB04DB004A05D3 /* AttractionsModel.m */,
				6AA9237B1AEB17E500F0A637 /* PCollectionViewCell.h */,
				6AA9237C1AEB17E500F0A637 /* PCollectionViewCell.m */,
				6A676F1A1AEAF8D5004A05D3 /* attractions.plist */,
				6A676F011AE82E9F004A05D3 /* Images.xcassets */,
				6A676F031AE82E9F004A05D3 /* LaunchScreen.xib */,
				6A676EF41AE82E9F004A05D3 /* Supporting Files */,
			);
			path = "Lab6_Los Angeles Attractions";
			sourceTree = "<group>";
		};
		6A676EF41AE82E9F004A05D3 /* Supporting Files */ = {
			isa = PBXGroup;
			children = (
				6A676EF51AE82E9F004A05D3 /* Info.plist */,
				6A676EF61AE82E9F004A05D3 /* main.m */,
			);
			name = "Supporting Files";
			sourceTree = "<group>";
		};
		6A676F0D1AE82E9F004A05D3 /* Lab6_Los Angeles AttractionsTests */ = {
			isa = PBXGroup;
			children = (
				6A676F101AE82E9F004A05D3 /* Lab6_Los_Angeles_AttractionsTests.m */,
				6A676F0E1AE82E9F004A05D3 /* Supporting Files */,
			);
			path = "Lab6_Los Angeles AttractionsTests";
			sourceTree = "<group>";
		};
		6A676F0E1AE82E9F004A05D3 /* Supporting Files */ = {
			isa = PBXGroup;
			children = (
				6A676F0F1AE82E9F004A05D3 /* Info.plist */,
			);
			name = "Supporting Files";
			sourceTree = "<group>";
		};
/* End PBXGroup section */

/* Begin PBXNativeTarget section */
		6A676EF01AE82E9F004A05D3 /* Lab6_Los Angeles Attractions */ = {
			isa = PBXNativeTarget;
			buildConfigurationList = 6A676F141AE82E9F004A05D3 /* Build configuration list for PBXNativeTarget "Lab6_Los Angeles Attractions" */;
			buildPhases = (
				6A676EED1AE82E9F004A05D3 /* Sources */,
				6A676EEE1AE82E9F004A05D3 /* Frameworks */,
				6A676EEF1AE82E9F004A05D3 /* Resources */,
			);
			buildRules = (
			);
			dependencies = (
			);
			name = "Lab6_Los Angeles Attractions";
			productName = "Lab6_Los Angeles Attractions";
			productReference = 6A676EF11AE82E9F004A05D3 /* Lab6_Los Angeles Attractions.app */;
			productType = "com.apple.product-type.application";
		};
		6A676F091AE82E9F004A05D3 /* Lab6_Los Angeles AttractionsTests */ = {
			isa = PBXNativeTarget;
			buildConfigurationList = 6A676F171AE82E9F004A05D3 /* Build configuration list for PBXNativeTarget "Lab6_Los Angeles AttractionsTests" */;
			buildPhases = (
				6A676F061AE82E9F004A05D3 /* Sources */,
				6A676F071AE82E9F004A05D3 /* Frameworks */,
				6A676F081AE82E9F004A05D3 /* Resources */,
			);
			buildRules = (
			);
			dependencies = (
				6A676F0C1AE82E9F004A05D3 /* PBXTargetDependency */,
			);
			name = "Lab6_Los Angeles AttractionsTests";
			productName = "Lab6_Los Angeles AttractionsTests";
			productReference = 6A676F0A1AE82E9F004A05D3 /* Lab6_Los Angeles AttractionsTests.xctest */;
			productType = "com.apple.product-type.bundle.unit-test";
		};
/* End PBXNativeTarget section */

/* Begin PBXProject section */
		6A676EE91AE82E9F004A05D3 /* Project object */ = {
			isa = PBXProject;
			attributes = {
				LastUpgradeCheck = 0620;
				ORGANIZATIONNAME = "Xiaohan Chen";
				TargetAttributes = {
					6A676EF01AE82E9F004A05D3 = {
						CreatedOnToolsVersion = 6.2;
					};
					6A676F091AE82E9F004A05D3 = {
						CreatedOnToolsVersion = 6.2;
						TestTargetID = 6A676EF01AE82E9F004A05D3;
					};
				};
			};
			buildConfigurationList = 6A676EEC1AE82E9F004A05D3 /* Build configuration list for PBXProject "Lab6_Los Angeles Attractions" */;
			compatibilityVersion = "Xcode 3.2";
			developmentRegion = English;
			hasScannedForEncodings = 0;
			knownRegions = (
				en,
				Base,
			);
			mainGroup = 6A676EE81AE82E9F004A05D3;
			productRefGroup = 6A676EF21AE82E9F004A05D3 /* Products */;
			projectDirPath = "";
			projectRoot = "";
			targets = (
				6A676EF01AE82E9F004A05D3 /* Lab6_Los Angeles Attractions */,
				6A676F091AE82E9F004A05D3 /* Lab6_Los Angeles AttractionsTests */,
			);
		};
/* End PBXProject section */

/* Begin PBXResourcesBuildPhase section */
		6A676EEF1AE82E9F004A05D3 /* Resources */ = {
			isa = PBXResourcesBuildPhase;
			buildActionMask = 2147483647;
			files = (
				6A676F001AE82E9F004A05D3 /* Main.storyboard in Resources */,
				6A676F611AEAFD26004A05D3 /* six_flags_magic_mountain.jpg in Resources */,
				6A676F051AE82E9F004A05D3 /* LaunchScreen.xib in Resources */,
				6A676F5A1AEAFD26004A05D3 /* hollywood_sign.jpg in Resources */,
				6A676F5C1AEAFD26004A05D3 /* Icon@2x(4).png in Resources */,
				6A676F641AEAFD26004A05D3 /* usc.jpg in Resources */,
				6A676F5B1AEAFD26004A05D3 /* Icon(1).png in Resources */,
				6A676F591AEAFD26004A05D3 /* griffith_observatory(1).jpg in Resources */,
				6A676F5E1AEAFD26004A05D3 /* la_live.jpg in Resources */,
				6A676F561AEAFD26004A05D3 /* getty_villa.jpg in Resources */,
				6A676F551AEAFD26004A05D3 /* dodger_stadium.jpg in Resources */,
				6A676F631AEAFD26004A05D3 /* universal_studios.jpg in Resources */,
				6A676F531AEAFD26004A05D3 /* california_science_center(1).jpg in Resources */,
				6A676F1B1AEAF8D6004A05D3 /* attractions.plist in Resources */,
				6A676F5D1AEAFD26004A05D3 /* ITP342_Lab6.pdf in Resources */,
				6A676F571AEAFD26004A05D3 /* getty(1).jpg in Resources */,
				6A676F581AEAFD26004A05D3 /* graumans_chinese_theatre.jpg in Resources */,
				6A676F021AE82E9F004A05D3 /* Images.xcassets in Resources */,
				6A676F621AEAFD26004A05D3 /* ucla.jpg in Resources */,
				6A676F541AEAFD26004A05D3 /* disneyland(1).jpg in Resources */,
				6A676F5F1AEAFD26004A05D3 /* lacma(1).jpg in Resources */,
				6A676F601AEAFD26004A05D3 /* santa_monica_pier(1).jpg in Resources */,
			);
			runOnlyForDeploymentPostprocessing = 0;
		};
		6A676F081AE82E9F004A05D3 /* Resources */ = {
			isa = PBXResourcesBuildPhase;
			buildActionMask = 2147483647;
			files = (
			);
			runOnlyForDeploymentPostprocessing = 0;
		};
/* End PBXResourcesBuildPhase section */

/* Begin PBXSourcesBuildPhase section */
		6A676EED1AE82E9F004A05D3 /* Sources */ = {
			isa = PBXSourcesBuildPhase;
			buildActionMask = 2147483647;
			files = (
				6A676EFA1AE82E9F004A05D3 /* AppDelegate.m in Sources */,
				6A676F6A1AEB042A004A05D3 /* PCollectionViewController.m in Sources */,
				6A676F6D1AEB04DB004A05D3 /* AttractionsModel.m in Sources */,
				6AA9237D1AEB17E500F0A637 /* PCollectionViewCell.m in Sources */,
				6A676EF71AE82E9F004A05D3 /* main.m in Sources */,
				6AE0C3EB1AEB4FB80015AEBD /* DetailViewController.m in Sources */,
			);
			runOnlyForDeploymentPostprocessing = 0;
		};
		6A676F061AE82E9F004A05D3 /* Sources */ = {
			isa = PBXSourcesBuildPhase;
			buildActionMask = 2147483647;
			files = (
				6A676F111AE82E9F004A05D3 /* Lab6_Los_Angeles_AttractionsTests.m in Sources */,
			);
			runOnlyForDeploymentPostprocessing = 0;
		};
/* End PBXSourcesBuildPhase section */

/* Begin PBXTargetDependency section */
		6A676F0C1AE82E9F004A05D3 /* PBXTargetDependency */ = {
			isa = PBXTargetDependency;
			target = 6A676EF01AE82E9F004A05D3 /* Lab6_Los Angeles Attractions */;
			targetProxy = 6A676F0B1AE82E9F004A05D3 /* PBXContainerItemProxy */;
		};
/* End PBXTargetDependency section */

/* Begin PBXVariantGroup section */
		6A676EFE1AE82E9F004A05D3 /* Main.storyboard */ = {
			isa = PBXVariantGroup;
			children = (
				6A676EFF1AE82E9F004A05D3 /* Base */,
			);
			name = Main.storyboard;
			sourceTree = "<group>";
		};
		6A676F031AE82E9F004A05D3 /* LaunchScreen.xib */ = {
			isa = PBXVariantGroup;
			children = (
				6A676F041AE82E9F004A05D3 /* Base */,
			);
			name = LaunchScreen.xib;
			sourceTree = "<group>";
		};
/* End PBXVariantGroup section */

/* Begin XCBuildConfiguration section */
		6A676F121AE82E9F004A05D3 /* Debug */ = {
			isa = XCBuildConfiguration;
			buildSettings = {
				ALWAYS_SEARCH_USER_PATHS = NO;
				CLANG_CXX_LANGUAGE_STANDARD = "gnu++0x";
				CLANG_CXX_LIBRARY = "libc++";
				CLANG_ENABLE_MODULES = YES;
				CLANG_ENABLE_OBJC_ARC = YES;
				CLANG_WARN_BOOL_CONVERSION = YES;
				CLANG_WARN_CONSTANT_CONVERSION = YES;
				CLANG_WARN_DIRECT_OBJC_ISA_USAGE = YES_ERROR;
				CLANG_WARN_EMPTY_BODY = YES;
				CLANG_WARN_ENUM_CONVERSION = YES;
				CLANG_WARN_INT_CONVERSION = YES;
				CLANG_WARN_OBJC_ROOT_CLASS = YES_ERROR;
				CLANG_WARN_UNREACHABLE_CODE = YES;
				CLANG_WARN__DUPLICATE_METHOD_MATCH = YES;
				"CODE_SIGN_IDENTITY[sdk=iphoneos*]" = "iPhone Developer";
				COPY_PHASE_STRIP = NO;
				ENABLE_STRICT_OBJC_MSGSEND = YES;
				GCC_C_LANGUAGE_STANDARD = gnu99;
				GCC_DYNAMIC_NO_PIC = NO;
				GCC_OPTIMIZATION_LEVEL = 0;
				GCC_PREPROCESSOR_DEFINITIONS = (
					"DEBUG=1",
					"$(inherited)",
				);
				GCC_SYMBOLS_PRIVATE_EXTERN = NO;
				GCC_WARN_64_TO_32_BIT_CONVERSION = YES;
				GCC_WARN_ABOUT_RETURN_TYPE = YES_ERROR;
				GCC_WARN_UNDECLARED_SELECTOR = YES;
				GCC_WARN_UNINITIALIZED_AUTOS = YES_AGGRESSIVE;
				GCC_WARN_UNUSED_FUNCTION = YES;
				GCC_WARN_UNUSED_VARIABLE = YES;
				IPHONEOS_DEPLOYMENT_TARGET = 8.2;
				MTL_ENABLE_DEBUG_INFO = YES;
				ONLY_ACTIVE_ARCH = YES;
				SDKROOT = iphoneos;
				TARGETED_DEVICE_FAMILY = "1,2";
			};
			name = Debug;
		};
		6A676F131AE82E9F004A05D3 /* Release */ = {
			isa = XCBuildConfiguration;
			buildSettings = {
				ALWAYS_SEARCH_USER_PATHS = NO;
				CLANG_CXX_LANGUAGE_STANDARD = "gnu++0x";
				CLANG_CXX_LIBRARY = "libc++";
				CLANG_ENABLE_MODULES = YES;
				CLANG_ENABLE_OBJC_ARC = YES;
				CLANG_WARN_BOOL_CONVERSION = YES;
				CLANG_WARN_CONSTANT_CONVERSION = YES;
				CLANG_WARN_DIRECT_OBJC_ISA_USAGE = YES_ERROR;
				CLANG_WARN_EMPTY_BODY = YES;
				CLANG_WARN_ENUM_CONVERSION = YES;
				CLANG_WARN_INT_CONVERSION = YES;
				CLANG_WARN_OBJC_ROOT_CLASS = YES_ERROR;
				CLANG_WARN_UNREACHABLE_CODE = YES;
				CLANG_WARN__DUPLICATE_METHOD_MATCH = YES;
				"CODE_SIGN_IDENTITY[sdk=iphoneos*]" = "iPhone Developer";
				COPY_PHASE_STRIP = NO;
				ENABLE_NS_ASSERTIONS = NO;
				ENABLE_STRICT_OBJC_MSGSEND = YES;
				GCC_C_LANGUAGE_STANDARD = gnu99;
				GCC_WARN_64_TO_32_BIT_CONVERSION = YES;
				GCC_WARN_ABOUT_RETURN_TYPE = YES_ERROR;
				GCC_WARN_UNDECLARED_SELECTOR = YES;
				GCC_WARN_UNINITIALIZED_AUTOS = YES_AGGRESSIVE;
				GCC_WARN_UNUSED_FUNCTION = YES;
				GCC_WARN_UNUSED_VARIABLE = YES;
				IPHONEOS_DEPLOYMENT_TARGET = 8.2;
				MTL_ENABLE_DEBUG_INFO = NO;
				SDKROOT = iphoneos;
				TARGETED_DEVICE_FAMILY = "1,2";
				VALIDATE_PRODUCT = YES;
			};
			name = Release;
		};
		6A676F151AE82E9F004A05D3 /* Debug */ = {
			isa = XCBuildConfiguration;
			buildSettings = {
				ASSETCATALOG_COMPILER_APPICON_NAME = AppIcon;
				INFOPLIST_FILE = "Lab6_Los Angeles Attractions/Info.plist";
				LD_RUNPATH_SEARCH_PATHS = "$(inherited) @executable_path/Frameworks";
				PRODUCT_NAME = "$(TARGET_NAME)";
			};
			name = Debug;
		};
		6A676F161AE82E9F004A05D3 /* Release */ = {
			isa = XCBuildConfiguration;
			buildSettings = {
				ASSETCATALOG_COMPILER_APPICON_NAME = AppIcon;
				INFOPLIST_FILE = "Lab6_Los Angeles Attractions/Info.plist";
				LD_RUNPATH_SEARCH_PATHS = "$(inherited) @executable_path/Frameworks";
				PRODUCT_NAME = "$(TARGET_NAME)";
			};
			name = Release;
		};
		6A676F181AE82E9F004A05D3 /* Debug */ = {
			isa = XCBuildConfiguration;
			buildSettings = {
				BUNDLE_LOADER = "$(TEST_HOST)";
				FRAMEWORK_SEARCH_PATHS = (
					"$(SDKROOT)/Developer/Library/Frameworks",
					"$(inherited)",
				);
				GCC_PREPROCESSOR_DEFINITIONS = (
					"DEBUG=1",
					"$(inherited)",
				);
				INFOPLIST_FILE = "Lab6_Los Angeles AttractionsTests/Info.plist";
				LD_RUNPATH_SEARCH_PATHS = "$(inherited) @executable_path/Frameworks @loader_path/Frameworks";
				PRODUCT_NAME = "$(TARGET_NAME)";
				TEST_HOST = "$(BUILT_PRODUCTS_DIR)/Lab6_Los Angeles Attractions.app/Lab6_Los Angeles Attractions";
			};
			name = Debug;
		};
		6A676F191AE82E9F004A05D3 /* Release */ = {
			isa = XCBuildConfiguration;
			buildSettings = {
				BUNDLE_LOADER = "$(TEST_HOST)";
				FRAMEWORK_SEARCH_PATHS = (
					"$(SDKROOT)/Developer/Library/Frameworks",
					"$(inherited)",
				);
				INFOPLIST_FILE = "Lab6_Los Angeles AttractionsTests/Info.plist";
				LD_RUNPATH_SEARCH_PATHS = "$(inherited) @executable_path/Frameworks @loader_path/Frameworks";
				PRODUCT_NAME = "$(TARGET_NAME)";
				TEST_HOST = "$(BUILT_PRODUCTS_DIR)/Lab6_Los Angeles Attractions.app/Lab6_Los Angeles Attractions";
			};
			name = Release;
		};
/* End XCBuildConfiguration section */

/* Begin XCConfigurationList section */
		6A676EEC1AE82E9F004A05D3 /* Build configuration list for PBXProject "Lab6_Los Angeles Attractions" */ = {
			isa = XCConfigurationList;
			buildConfigurations = (
				6A676F121AE82E9F004A05D3 /* Debug */,
				6A676F131AE82E9F004A05D3 /* Release */,
			);
			defaultConfigurationIsVisible = 0;
			defaultConfigurationName = Release;
		};
		6A676F141AE82E9F004A05D3 /* Build configuration list for PBXNativeTarget "Lab6_Los Angeles Attractions" */ = {
			isa = XCConfigurationList;
			buildConfigurations = (
				6A676F151AE82E9F004A05D3 /* Debug */,
				6A676F161AE82E9F004A05D3 /* Release */,
			);
			defaultConfigurationIsVisible = 0;
			defaultConfigurationName = Release;
		};
		6A676F171AE82E9F004A05D3 /* Build configuration list for PBXNativeTarget "Lab6_Los Angeles AttractionsTests" */ = {
			isa = XCConfigurationList;
			buildConfigurations = (
				6A676F181AE82E9F004A05D3 /* Debug */,
				6A676F191AE82E9F004A05D3 /* Release */,
			);
			defaultConfigurationIsVisible = 0;
			defaultConfigurationName = Release;
		};
/* End XCConfigurationList section */
	};
	rootObject = 6A676EE91AE82E9F004A05D3 /* Project object */;
}
